
Microsoft Visual Studio Solution File, Format Version 11.00
# Visual Studio 2010
Project("{FAE04EC0-301F-11D3-BF4B-00C04F79EFBC}") = "BatchRun", "BatchRun\BatchRun.csproj", "{EAA2A920-97E6-4E66-9897-3B235F46B256}"
EndProject
Global
	GlobalSection(SolutionConfigurationPlatforms) = preSolution
		Debug|x86 = Debug|x86
		Release|x86 = Release|x86
	EndGlobalSection
	GlobalSection(ProjectConfigurationPlatforms) = postSolution
		{EAA2A920-97E6-4E66-9897-3B235F46B256}.Debug|x86.ActiveCfg = Debug|x86
		{EAA2A920-97E6-4E66-9897-3B235F46B256}.Debug|x86.Build.0 = Debug|x86
		{EAA2A920-97E6-4E66-9897-3B235F46B256}.Release|x86.ActiveCfg = Release|x86
		{EAA2A920-97E6-4E66-9897-3B235F46B256}.Release|x86.Build.0 = Release|x86
	EndGlobalSection
	GlobalSection(SolutionProperties) = preSolution
		HideSolutionNode = FALSE
	EndGlobalSection
EndGlobal
